// !$*UTF8*$!
{
	archiveVersion = 1;
	classes = {
	};
	objectVersion = 51;
	objects = {

/* Begin PBXBuildFile section */
		04F71BB42521669200824794 /* SDPhotoBrowser.m in Sources */ = {isa = PBXBuildFile; fileRef = 04F71BAE2521669200824794 /* SDPhotoBrowser.m */; };
		04F71BB52521669200824794 /* SDWaitingView.m in Sources */ = {isa = PBXBuildFile; fileRef = 04F71BAF2521669200824794 /* SDWaitingView.m */; };
		04F71BB62521669200824794 /* SDBrowserImageView.m in Sources */ = {isa = PBXBuildFile; fileRef = 04F71BB02521669200824794 /* SDBrowserImageView.m */; };
		04F71BC2252167D400824794 /* NEUBase64.m in Sources */ = {isa = PBXBuildFile; fileRef = 04F71BBD252167D400824794 /* NEUBase64.m */; };
		04F71BC3252167D400824794 /* NSData+AES.m in Sources */ = {isa = PBXBuildFile; fileRef = 04F71BBE252167D400824794 /* NSData+AES.m */; };
		04F71BC4252167D400824794 /* JYLSecurityUtils.m in Sources */ = {isa = PBXBuildFile; fileRef = 04F71BC1252167D400824794 /* JYLSecurityUtils.m */; };
		04F71BCD252168D600824794 /* UIImageView+CornerRadius.m in Sources */ = {isa = PBXBuildFile; fileRef = 04F71BCB252168D500824794 /* UIImageView+CornerRadius.m */; };
		04F71BD32521690200824794 /* UIViewController+JYLPushUtils.m in Sources */ = {isa = PBXBuildFile; fileRef = 04F71BD12521690100824794 /* UIViewController+JYLPushUtils.m */; };
		04F71BD9252169DD00824794 /* UIView+Additional.m in Sources */ = {isa = PBXBuildFile; fileRef = 04F71BD8252169DD00824794 /* UIView+Additional.m */; };
		52F19A94E69315C5D3B73020 /* libPods-CommonWorkspace.a in Frameworks */ = {isa = PBXBuildFile; fileRef = F8F38EBEF23518AAE743A194 /* libPods-CommonWorkspace.a */; };
		562269AF2451CE9C008884A9 /* ZYBaseTableViewController.m in Sources */ = {isa = PBXBuildFile; fileRef = 562269AE2451CE9C008884A9 /* ZYBaseTableViewController.m */; };
		562269B22451D28A008884A9 /* Const.m in Sources */ = {isa = PBXBuildFile; fileRef = 562269B12451D28A008884A9 /* Const.m */; };
		562269C92451D3A4008884A9 /* LICENSE in Resources */ = {isa = PBXBuildFile; fileRef = 562269B52451D3A4008884A9 /* LICENSE */; };
		562269CA2451D3A4008884A9 /* README.md in Resources */ = {isa = PBXBuildFile; fileRef = 562269B62451D3A4008884A9 /* README.md */; };
		562269CB2451D3A4008884A9 /* SDCycleScrollView.m in Sources */ = {isa = PBXBuildFile; fileRef = 562269BD2451D3A4008884A9 /* SDCycleScrollView.m */; };
		562269CC2451D3A4008884A9 /* UIView+SDExtension.m in Sources */ = {isa = PBXBuildFile; fileRef = 562269BE2451D3A4008884A9 /* UIView+SDExtension.m */; };
		562269CD2451D3A4008884A9 /* SDCollectionViewCell.m in Sources */ = {isa = PBXBuildFile; fileRef = 562269BF2451D3A4008884A9 /* SDCollectionViewCell.m */; };
		562269CE2451D3A4008884A9 /* TADotView.m in Sources */ = {isa = PBXBuildFile; fileRef = 562269C22451D3A4008884A9 /* TADotView.m */; };
		562269CF2451D3A4008884A9 /* TAPageControl.m in Sources */ = {isa = PBXBuildFile; fileRef = 562269C32451D3A4008884A9 /* TAPageControl.m */; };
		562269D02451D3A4008884A9 /* TAAnimatedDotView.m in Sources */ = {isa = PBXBuildFile; fileRef = 562269C42451D3A4008884A9 /* TAAnimatedDotView.m */; };
		562269D12451D3A4008884A9 /* TAAbstractDotView.m in Sources */ = {isa = PBXBuildFile; fileRef = 562269C52451D3A4008884A9 /* TAAbstractDotView.m */; };
		562269D92451D3AC008884A9 /* YBRectConst.m in Sources */ = {isa = PBXBuildFile; fileRef = 562269D42451D3AC008884A9 /* YBRectConst.m */; };
		562269DA2451D3AC008884A9 /* YBPopupMenuPath.m in Sources */ = {isa = PBXBuildFile; fileRef = 562269D52451D3AC008884A9 /* YBPopupMenuPath.m */; };
		562269DB2451D3AC008884A9 /* YBPopupMenu.m in Sources */ = {isa = PBXBuildFile; fileRef = 562269D72451D3AC008884A9 /* YBPopupMenu.m */; };
		562269DE2451D406008884A9 /* Login.storyboard in Resources */ = {isa = PBXBuildFile; fileRef = 562269DD2451D406008884A9 /* Login.storyboard */; };
		562269E02451D40F008884A9 /* Home.storyboard in Resources */ = {isa = PBXBuildFile; fileRef = 562269DF2451D40F008884A9 /* Home.storyboard */; };
		562269E22451D444008884A9 /* Quotation.storyboard in Resources */ = {isa = PBXBuildFile; fileRef = 562269E12451D444008884A9 /* Quotation.storyboard */; };
		562269E42451D462008884A9 /* Contract.storyboard in Resources */ = {isa = PBXBuildFile; fileRef = 562269E32451D462008884A9 /* Contract.storyboard */; };
		562269E62451D46A008884A9 /* Mine.storyboard in Resources */ = {isa = PBXBuildFile; fileRef = 562269E52451D46A008884A9 /* Mine.storyboard */; };
		562269E92451D541008884A9 /* QuotationViewController.m in Sources */ = {isa = PBXBuildFile; fileRef = 562269E82451D541008884A9 /* QuotationViewController.m */; };
		565AC8B32453CC600022299C /* ZYWebVC.m in Sources */ = {isa = PBXBuildFile; fileRef = 565AC8B22453CC600022299C /* ZYWebVC.m */; };
		565AC8B92453CC9D0022299C /* PGIndexBannerSubiew.m in Sources */ = {isa = PBXBuildFile; fileRef = 565AC8B52453CC9D0022299C /* PGIndexBannerSubiew.m */; };
		565AC8BA2453CC9D0022299C /* NewPagedFlowView.m in Sources */ = {isa = PBXBuildFile; fileRef = 565AC8B62453CC9D0022299C /* NewPagedFlowView.m */; };
		568B73EE22D704A3002E6F2B /* AppDelegate.m in Sources */ = {isa = PBXBuildFile; fileRef = 568B73ED22D704A3002E6F2B /* AppDelegate.m */; };
		568B73F422D704A3002E6F2B /* Main.storyboard in Resources */ = {isa = PBXBuildFile; fileRef = 568B73F222D704A3002E6F2B /* Main.storyboard */; };
		568B73F922D704A5002E6F2B /* Assets.xcassets in Resources */ = {isa = PBXBuildFile; fileRef = 568B73F822D704A5002E6F2B /* Assets.xcassets */; };
		568B73FC22D704A5002E6F2B /* LaunchScreen.storyboard in Resources */ = {isa = PBXBuildFile; fileRef = 568B73FA22D704A5002E6F2B /* LaunchScreen.storyboard */; };
		568B73FF22D704A5002E6F2B /* main.m in Sources */ = {isa = PBXBuildFile; fileRef = 568B73FE22D704A5002E6F2B /* main.m */; };
		568B740922D704A5002E6F2B /* CommonWorkspaceTests.m in Sources */ = {isa = PBXBuildFile; fileRef = 568B740822D704A5002E6F2B /* CommonWorkspaceTests.m */; };
		568B741422D704A5002E6F2B /* CommonWorkspaceUITests.m in Sources */ = {isa = PBXBuildFile; fileRef = 568B741322D704A5002E6F2B /* CommonWorkspaceUITests.m */; };
		568B743622D70E02002E6F2B /* UserData.m in Sources */ = {isa = PBXBuildFile; fileRef = 568B743522D70E02002E6F2B /* UserData.m */; };
		568B743922D70E36002E6F2B /* UISet.m in Sources */ = {isa = PBXBuildFile; fileRef = 568B743822D70E36002E6F2B /* UISet.m */; };
		568B743C22D70FF5002E6F2B /* NetWork.m in Sources */ = {isa = PBXBuildFile; fileRef = 568B743B22D70FF5002E6F2B /* NetWork.m */; };
		568B746222D71757002E6F2B /* ZYPromptUtils.m in Sources */ = {isa = PBXBuildFile; fileRef = 568B746022D71757002E6F2B /* ZYPromptUtils.m */; };
		568B746522D71784002E6F2B /* ZYAlertUtils.m in Sources */ = {isa = PBXBuildFile; fileRef = 568B746322D71784002E6F2B /* ZYAlertUtils.m */; };
		56D832E72451D5D5003EB8BF /* ContractViewController.m in Sources */ = {isa = PBXBuildFile; fileRef = 56D832E62451D5D5003EB8BF /* ContractViewController.m */; };
		56D832EA2451D651003EB8BF /* LoginVC.m in Sources */ = {isa = PBXBuildFile; fileRef = 56D832E92451D651003EB8BF /* LoginVC.m */; };
		56D832F02451DA85003EB8BF /* ZYBaseView.m in Sources */ = {isa = PBXBuildFile; fileRef = 56D832EF2451DA85003EB8BF /* ZYBaseView.m */; };
		56D832F32451E603003EB8BF /* ZYBaseModel.m in Sources */ = {isa = PBXBuildFile; fileRef = 56D832F22451E603003EB8BF /* ZYBaseModel.m */; };
		56E755E622D71996001B21D9 /* ZYImageUtils.m in Sources */ = {isa = PBXBuildFile; fileRef = 56E755E522D71996001B21D9 /* ZYImageUtils.m */; };
		56E755E922D7199F001B21D9 /* ZYDeviceUtils.m in Sources */ = {isa = PBXBuildFile; fileRef = 56E755E822D7199E001B21D9 /* ZYDeviceUtils.m */; };
		56E755EC22D719A8001B21D9 /* ZYDateUtils.m in Sources */ = {isa = PBXBuildFile; fileRef = 56E755EB22D719A8001B21D9 /* ZYDateUtils.m */; };
		56E755F222D719EB001B21D9 /* ZYDataUtils.m in Sources */ = {isa = PBXBuildFile; fileRef = 56E755F122D719EB001B21D9 /* ZYDataUtils.m */; };
		56E755F522D71B3C001B21D9 /* UIViewController+CommonFunc.m in Sources */ = {isa = PBXBuildFile; fileRef = 56E755F422D71B3C001B21D9 /* UIViewController+CommonFunc.m */; };
		56E755F822D726B7001B21D9 /* UIColor+Additional.m in Sources */ = {isa = PBXBuildFile; fileRef = 56E755F722D726B7001B21D9 /* UIColor+Additional.m */; };
		56E755FC22D72A1C001B21D9 /* UIButton+Additional.m in Sources */ = {isa = PBXBuildFile; fileRef = 56E755FB22D72A1C001B21D9 /* UIButton+Additional.m */; };
		56E755FF22D72AC9001B21D9 /* UILabel+AttributedText.m in Sources */ = {isa = PBXBuildFile; fileRef = 56E755FE22D72AC9001B21D9 /* UILabel+AttributedText.m */; };
		56E7560222D72B87001B21D9 /* NSString+RegularExpression.m in Sources */ = {isa = PBXBuildFile; fileRef = 56E7560122D72B87001B21D9 /* NSString+RegularExpression.m */; };
		56E7560522D73225001B21D9 /* ZYBaseBLL.m in Sources */ = {isa = PBXBuildFile; fileRef = 56E7560422D73225001B21D9 /* ZYBaseBLL.m */; };
		56E7560C22D736A5001B21D9 /* ZYBaseViewController.m in Sources */ = {isa = PBXBuildFile; fileRef = 56E7560B22D736A5001B21D9 /* ZYBaseViewController.m */; };
		56E7560F22D736C6001B21D9 /* ZYBaseNavigationController.m in Sources */ = {isa = PBXBuildFile; fileRef = 56E7560E22D736C6001B21D9 /* ZYBaseNavigationController.m */; };
		56E7561222D736E3001B21D9 /* ZYBaseTableViewCell.m in Sources */ = {isa = PBXBuildFile; fileRef = 56E7561122D736E3001B21D9 /* ZYBaseTableViewCell.m */; };
		56E7561522D73718001B21D9 /* ZYBaseTabBarController.m in Sources */ = {isa = PBXBuildFile; fileRef = 56E7561422D73718001B21D9 /* ZYBaseTabBarController.m */; };
		56E7561822D7373E001B21D9 /* HomeViewController.m in Sources */ = {isa = PBXBuildFile; fileRef = 56E7561722D7373E001B21D9 /* HomeViewController.m */; };
		56E7562122D7377B001B21D9 /* MineViewController.m in Sources */ = {isa = PBXBuildFile; fileRef = 56E7562022D7377B001B21D9 /* MineViewController.m */; };
/* End PBXBuildFile section */

/* Begin PBXContainerItemProxy section */
		568B740522D704A5002E6F2B /* PBXContainerItemProxy */ = {
			isa = PBXContainerItemProxy;
			containerPortal = 568B73E122D704A3002E6F2B /* Project object */;
			proxyType = 1;
			remoteGlobalIDString = 568B73E822D704A3002E6F2B;
			remoteInfo = CommonWorkspace;
		};
		568B741022D704A5002E6F2B /* PBXContainerItemProxy */ = {
			isa = PBXContainerItemProxy;
			containerPortal = 568B73E122D704A3002E6F2B /* Project object */;
			proxyType = 1;
			remoteGlobalIDString = 568B73E822D704A3002E6F2B;
			remoteInfo = CommonWorkspace;
		};
/* End PBXContainerItemProxy section */

/* Begin PBXFileReference section */
		04F71BAD2521669200824794 /* SDPhotoBrowserConfig.h */ = {isa = PBXFileReference; fileEncoding = 4; lastKnownFileType = sourcecode.c.h; path = SDPhotoBrowserConfig.h; sourceTree = "<group>"; };
		04F71BAE2521669200824794 /* SDPhotoBrowser.m */ = {isa = PBXFileReference; fileEncoding = 4; lastKnownFileType = sourcecode.c.objc; path = SDPhotoBrowser.m; sourceTree = "<group>"; };
		04F71BAF2521669200824794 /* SDWaitingView.m */ = {isa = PBXFileReference; fileEncoding = 4; lastKnownFileType = sourcecode.c.objc; path = SDWaitingView.m; sourceTree = "<group>"; };
		04F71BB02521669200824794 /* SDBrowserImageView.m */ = {isa = PBXFileReference; fileEncoding = 4; lastKnownFileType = sourcecode.c.objc; path = SDBrowserImageView.m; sourceTree = "<group>"; };
		04F71BB12521669200824794 /* SDWaitingView.h */ = {isa = PBXFileReference; fileEncoding = 4; lastKnownFileType = sourcecode.c.h; path = SDWaitingView.h; sourceTree = "<group>"; };
		04F71BB22521669200824794 /* SDPhotoBrowser.h */ = {isa = PBXFileReference; fileEncoding = 4; lastKnownFileType = sourcecode.c.h; path = SDPhotoBrowser.h; sourceTree = "<group>"; };
		04F71BB32521669200824794 /* SDBrowserImageView.h */ = {isa = PBXFileReference; fileEncoding = 4; lastKnownFileType = sourcecode.c.h; path = SDBrowserImageView.h; sourceTree = "<group>"; };
		04F71BBB252167D400824794 /* NSData+AES.h */ = {isa = PBXFileReference; fileEncoding = 4; lastKnownFileType = sourcecode.c.h; path = "NSData+AES.h"; sourceTree = "<group>"; };
		04F71BBC252167D400824794 /* JYLSecurityUtils.h */ = {isa = PBXFileReference; fileEncoding = 4; lastKnownFileType = sourcecode.c.h; path = JYLSecurityUtils.h; sourceTree = "<group>"; };
		04F71BBD252167D400824794 /* NEUBase64.m */ = {isa = PBXFileReference; fileEncoding = 4; lastKnownFileType = sourcecode.c.objc; path = NEUBase64.m; sourceTree = "<group>"; };
		04F71BBE252167D400824794 /* NSData+AES.m */ = {isa = PBXFileReference; fileEncoding = 4; lastKnownFileType = sourcecode.c.objc; path = "NSData+AES.m"; sourceTree = "<group>"; };
		04F71BBF252167D400824794 /* NEUDefines.h */ = {isa = PBXFileReference; fileEncoding = 4; lastKnownFileType = sourcecode.c.h; path = NEUDefines.h; sourceTree = "<group>"; };
		04F71BC0252167D400824794 /* NEUBase64.h */ = {isa = PBXFileReference; fileEncoding = 4; lastKnownFileType = sourcecode.c.h; path = NEUBase64.h; sourceTree = "<group>"; };
		04F71BC1252167D400824794 /* JYLSecurityUtils.m */ = {isa = PBXFileReference; fileEncoding = 4; lastKnownFileType = sourcecode.c.objc; path = JYLSecurityUtils.m; sourceTree = "<group>"; };
		04F71BCB252168D500824794 /* UIImageView+CornerRadius.m */ = {isa = PBXFileReference; fileEncoding = 4; lastKnownFileType = sourcecode.c.objc; path = "UIImageView+CornerRadius.m"; sourceTree = "<group>"; };
		04F71BCC252168D600824794 /* UIImageView+CornerRadius.h */ = {isa = PBXFileReference; fileEncoding = 4; lastKnownFileType = sourcecode.c.h; path = "UIImageView+CornerRadius.h"; sourceTree = "<group>"; };
		04F71BD12521690100824794 /* UIViewController+JYLPushUtils.m */ = {isa = PBXFileReference; fileEncoding = 4; lastKnownFileType = sourcecode.c.objc; path = "UIViewController+JYLPushUtils.m"; sourceTree = "<group>"; };
		04F71BD22521690200824794 /* UIViewController+JYLPushUtils.h */ = {isa = PBXFileReference; fileEncoding = 4; lastKnownFileType = sourcecode.c.h; path = "UIViewController+JYLPushUtils.h"; sourceTree = "<group>"; };
		04F71BD7252169DD00824794 /* UIView+Additional.h */ = {isa = PBXFileReference; lastKnownFileType = sourcecode.c.h; path = "UIView+Additional.h"; sourceTree = "<group>"; };
		04F71BD8252169DD00824794 /* UIView+Additional.m */ = {isa = PBXFileReference; lastKnownFileType = sourcecode.c.objc; path = "UIView+Additional.m"; sourceTree = "<group>"; };
		562269AD2451CE9C008884A9 /* ZYBaseTableViewController.h */ = {isa = PBXFileReference; lastKnownFileType = sourcecode.c.h; path = ZYBaseTableViewController.h; sourceTree = "<group>"; };
		562269AE2451CE9C008884A9 /* ZYBaseTableViewController.m */ = {isa = PBXFileReference; lastKnownFileType = sourcecode.c.objc; path = ZYBaseTableViewController.m; sourceTree = "<group>"; };
		562269B02451D277008884A9 /* Const.h */ = {isa = PBXFileReference; lastKnownFileType = sourcecode.c.h; path = Const.h; sourceTree = "<group>"; };
		562269B12451D28A008884A9 /* Const.m */ = {isa = PBXFileReference; lastKnownFileType = sourcecode.c.objc; path = Const.m; sourceTree = "<group>"; };
		562269B32451D369008884A9 /* GlobalEnum.h */ = {isa = PBXFileReference; lastKnownFileType = sourcecode.c.h; path = GlobalEnum.h; sourceTree = "<group>"; };
		562269B52451D3A4008884A9 /* LICENSE */ = {isa = PBXFileReference; fileEncoding = 4; lastKnownFileType = text; path = LICENSE; sourceTree = "<group>"; };
		562269B62451D3A4008884A9 /* README.md */ = {isa = PBXFileReference; fileEncoding = 4; lastKnownFileType = net.daringfireball.markdown; path = README.md; sourceTree = "<group>"; };
		562269BA2451D3A4008884A9 /* UIView+SDExtension.h */ = {isa = PBXFileReference; fileEncoding = 4; lastKnownFileType = sourcecode.c.h; path = "UIView+SDExtension.h"; sourceTree = "<group>"; };
		562269BB2451D3A4008884A9 /* SDCycleScrollView.h */ = {isa = PBXFileReference; fileEncoding = 4; lastKnownFileType = sourcecode.c.h; path = SDCycleScrollView.h; sourceTree = "<group>"; };
		562269BC2451D3A4008884A9 /* SDCollectionViewCell.h */ = {isa = PBXFileReference; fileEncoding = 4; lastKnownFileType = sourcecode.c.h; path = SDCollectionViewCell.h; sourceTree = "<group>"; };
		562269BD2451D3A4008884A9 /* SDCycleScrollView.m */ = {isa = PBXFileReference; fileEncoding = 4; lastKnownFileType = sourcecode.c.objc; path = SDCycleScrollView.m; sourceTree = "<group>"; };
		562269BE2451D3A4008884A9 /* UIView+SDExtension.m */ = {isa = PBXFileReference; fileEncoding = 4; lastKnownFileType = sourcecode.c.objc; path = "UIView+SDExtension.m"; sourceTree = "<group>"; };
		562269BF2451D3A4008884A9 /* SDCollectionViewCell.m */ = {isa = PBXFileReference; fileEncoding = 4; lastKnownFileType = sourcecode.c.objc; path = SDCollectionViewCell.m; sourceTree = "<group>"; };
		562269C12451D3A4008884A9 /* TAAbstractDotView.h */ = {isa = PBXFileReference; fileEncoding = 4; lastKnownFileType = sourcecode.c.h; path = TAAbstractDotView.h; sourceTree = "<group>"; };
		562269C22451D3A4008884A9 /* TADotView.m */ = {isa = PBXFileReference; fileEncoding = 4; lastKnownFileType = sourcecode.c.objc; path = TADotView.m; sourceTree = "<group>"; };
		562269C32451D3A4008884A9 /* TAPageControl.m */ = {isa = PBXFileReference; fileEncoding = 4; lastKnownFileType = sourcecode.c.objc; path = TAPageControl.m; sourceTree = "<group>"; };
		562269C42451D3A4008884A9 /* TAAnimatedDotView.m */ = {isa = PBXFileReference; fileEncoding = 4; lastKnownFileType = sourcecode.c.objc; path = TAAnimatedDotView.m; sourceTree = "<group>"; };
		562269C52451D3A4008884A9 /* TAAbstractDotView.m */ = {isa = PBXFileReference; fileEncoding = 4; lastKnownFileType = sourcecode.c.objc; path = TAAbstractDotView.m; sourceTree = "<group>"; };
		562269C62451D3A4008884A9 /* TADotView.h */ = {isa = PBXFileReference; fileEncoding = 4; lastKnownFileType = sourcecode.c.h; path = TADotView.h; sourceTree = "<group>"; };
		562269C72451D3A4008884A9 /* TAAnimatedDotView.h */ = {isa = PBXFileReference; fileEncoding = 4; lastKnownFileType = sourcecode.c.h; path = TAAnimatedDotView.h; sourceTree = "<group>"; };
		562269C82451D3A4008884A9 /* TAPageControl.h */ = {isa = PBXFileReference; fileEncoding = 4; lastKnownFileType = sourcecode.c.h; path = TAPageControl.h; sourceTree = "<group>"; };
		562269D32451D3AC008884A9 /* YBPopupMenu.h */ = {isa = PBXFileReference; fileEncoding = 4; lastKnownFileType = sourcecode.c.h; path = YBPopupMenu.h; sourceTree = "<group>"; };
		562269D42451D3AC008884A9 /* YBRectConst.m */ = {isa = PBXFileReference; fileEncoding = 4; lastKnownFileType = sourcecode.c.objc; path = YBRectConst.m; sourceTree = "<group>"; };
		562269D52451D3AC008884A9 /* YBPopupMenuPath.m */ = {isa = PBXFileReference; fileEncoding = 4; lastKnownFileType = sourcecode.c.objc; path = YBPopupMenuPath.m; sourceTree = "<group>"; };
		562269D62451D3AC008884A9 /* YBRectConst.h */ = {isa = PBXFileReference; fileEncoding = 4; lastKnownFileType = sourcecode.c.h; path = YBRectConst.h; sourceTree = "<group>"; };
		562269D72451D3AC008884A9 /* YBPopupMenu.m */ = {isa = PBXFileReference; fileEncoding = 4; lastKnownFileType = sourcecode.c.objc; path = YBPopupMenu.m; sourceTree = "<group>"; };
		562269D82451D3AC008884A9 /* YBPopupMenuPath.h */ = {isa = PBXFileReference; fileEncoding = 4; lastKnownFileType = sourcecode.c.h; path = YBPopupMenuPath.h; sourceTree = "<group>"; };
		562269DD2451D406008884A9 /* Login.storyboard */ = {isa = PBXFileReference; lastKnownFileType = file.storyboard; path = Login.storyboard; sourceTree = "<group>"; };
		562269DF2451D40F008884A9 /* Home.storyboard */ = {isa = PBXFileReference; lastKnownFileType = file.storyboard; path = Home.storyboard; sourceTree = "<group>"; };
		562269E12451D444008884A9 /* Quotation.storyboard */ = {isa = PBXFileReference; lastKnownFileType = file.storyboard; path = Quotation.storyboard; sourceTree = "<group>"; };
		562269E32451D462008884A9 /* Contract.storyboard */ = {isa = PBXFileReference; lastKnownFileType = file.storyboard; path = Contract.storyboard; sourceTree = "<group>"; };
		562269E52451D46A008884A9 /* Mine.storyboard */ = {isa = PBXFileReference; lastKnownFileType = file.storyboard; path = Mine.storyboard; sourceTree = "<group>"; };
		562269E72451D541008884A9 /* QuotationViewController.h */ = {isa = PBXFileReference; lastKnownFileType = sourcecode.c.h; path = QuotationViewController.h; sourceTree = "<group>"; };
		562269E82451D541008884A9 /* QuotationViewController.m */ = {isa = PBXFileReference; lastKnownFileType = sourcecode.c.objc; path = QuotationViewController.m; sourceTree = "<group>"; };
		565AC8B12453CC600022299C /* ZYWebVC.h */ = {isa = PBXFileReference; fileEncoding = 4; lastKnownFileType = sourcecode.c.h; path = ZYWebVC.h; sourceTree = "<group>"; };
		565AC8B22453CC600022299C /* ZYWebVC.m */ = {isa = PBXFileReference; fileEncoding = 4; lastKnownFileType = sourcecode.c.objc; path = ZYWebVC.m; sourceTree = "<group>"; };
		565AC8B52453CC9D0022299C /* PGIndexBannerSubiew.m */ = {isa = PBXFileReference; fileEncoding = 4; lastKnownFileType = sourcecode.c.objc; path = PGIndexBannerSubiew.m; sourceTree = "<group>"; };
		565AC8B62453CC9D0022299C /* NewPagedFlowView.m */ = {isa = PBXFileReference; fileEncoding = 4; lastKnownFileType = sourcecode.c.objc; path = NewPagedFlowView.m; sourceTree = "<group>"; };
		565AC8B72453CC9D0022299C /* PGIndexBannerSubiew.h */ = {isa = PBXFileReference; fileEncoding = 4; lastKnownFileType = sourcecode.c.h; path = PGIndexBannerSubiew.h; sourceTree = "<group>"; };
		565AC8B82453CC9D0022299C /* NewPagedFlowView.h */ = {isa = PBXFileReference; fileEncoding = 4; lastKnownFileType = sourcecode.c.h; path = NewPagedFlowView.h; sourceTree = "<group>"; };
		568B73E922D704A3002E6F2B /* BTACOIN.app */ = {isa = PBXFileReference; explicitFileType = wrapper.application; includeInIndex = 0; path = BTACOIN.app; sourceTree = BUILT_PRODUCTS_DIR; };
		568B73EC22D704A3002E6F2B /* AppDelegate.h */ = {isa = PBXFileReference; lastKnownFileType = sourcecode.c.h; path = AppDelegate.h; sourceTree = "<group>"; };
		568B73ED22D704A3002E6F2B /* AppDelegate.m */ = {isa = PBXFileReference; lastKnownFileType = sourcecode.c.objc; path = AppDelegate.m; sourceTree = "<group>"; };
		568B73F322D704A3002E6F2B /* Base */ = {isa = PBXFileReference; lastKnownFileType = file.storyboard; name = Base; path = Base.lproj/Main.storyboard; sourceTree = "<group>"; };
		568B73F822D704A5002E6F2B /* Assets.xcassets */ = {isa = PBXFileReference; lastKnownFileType = folder.assetcatalog; path = Assets.xcassets; sourceTree = "<group>"; };
		568B73FB22D704A5002E6F2B /* Base */ = {isa = PBXFileReference; lastKnownFileType = file.storyboard; name = Base; path = Base.lproj/LaunchScreen.storyboard; sourceTree = "<group>"; };
		568B73FD22D704A5002E6F2B /* Info.plist */ = {isa = PBXFileReference; lastKnownFileType = text.plist.xml; path = Info.plist; sourceTree = "<group>"; };
		568B73FE22D704A5002E6F2B /* main.m */ = {isa = PBXFileReference; lastKnownFileType = sourcecode.c.objc; path = main.m; sourceTree = "<group>"; };
		568B740422D704A5002E6F2B /* CommonWorkspaceTests.xctest */ = {isa = PBXFileReference; explicitFileType = wrapper.cfbundle; includeInIndex = 0; path = CommonWorkspaceTests.xctest; sourceTree = BUILT_PRODUCTS_DIR; };
		568B740822D704A5002E6F2B /* CommonWorkspaceTests.m */ = {isa = PBXFileReference; lastKnownFileType = sourcecode.c.objc; path = CommonWorkspaceTests.m; sourceTree = "<group>"; };
		568B740A22D704A5002E6F2B /* Info.plist */ = {isa = PBXFileReference; lastKnownFileType = text.plist.xml; path = Info.plist; sourceTree = "<group>"; };
		568B740F22D704A5002E6F2B /* CommonWorkspaceUITests.xctest */ = {isa = PBXFileReference; explicitFileType = wrapper.cfbundle; includeInIndex = 0; path = CommonWorkspaceUITests.xctest; sourceTree = BUILT_PRODUCTS_DIR; };
		568B741322D704A5002E6F2B /* CommonWorkspaceUITests.m */ = {isa = PBXFileReference; lastKnownFileType = sourcecode.c.objc; path = CommonWorkspaceUITests.m; sourceTree = "<group>"; };
		568B741522D704A5002E6F2B /* Info.plist */ = {isa = PBXFileReference; lastKnownFileType = text.plist.xml; path = Info.plist; sourceTree = "<group>"; };
		568B742D22D708A3002E6F2B /* PrefixHeader.pch */ = {isa = PBXFileReference; lastKnownFileType = sourcecode.c.h; path = PrefixHeader.pch; sourceTree = "<group>"; };
		568B743422D70E02002E6F2B /* UserData.h */ = {isa = PBXFileReference; lastKnownFileType = sourcecode.c.h; path = UserData.h; sourceTree = "<group>"; };
		568B743522D70E02002E6F2B /* UserData.m */ = {isa = PBXFileReference; lastKnownFileType = sourcecode.c.objc; path = UserData.m; sourceTree = "<group>"; };
		568B743722D70E36002E6F2B /* UISet.h */ = {isa = PBXFileReference; lastKnownFileType = sourcecode.c.h; path = UISet.h; sourceTree = "<group>"; };
		568B743822D70E36002E6F2B /* UISet.m */ = {isa = PBXFileReference; lastKnownFileType = sourcecode.c.objc; path = UISet.m; sourceTree = "<group>"; };
		568B743A22D70FF5002E6F2B /* NetWork.h */ = {isa = PBXFileReference; lastKnownFileType = sourcecode.c.h; path = NetWork.h; sourceTree = "<group>"; };
		568B743B22D70FF5002E6F2B /* NetWork.m */ = {isa = PBXFileReference; lastKnownFileType = sourcecode.c.objc; path = NetWork.m; sourceTree = "<group>"; };
		568B743D22D7100B002E6F2B /* Color.h */ = {isa = PBXFileReference; lastKnownFileType = sourcecode.c.h; path = Color.h; sourceTree = "<group>"; };
		568B743E22D71026002E6F2B /* Config.h */ = {isa = PBXFileReference; lastKnownFileType = sourcecode.c.h; path = Config.h; sourceTree = "<group>"; };
		568B743F22D71034002E6F2B /* TipMsg.h */ = {isa = PBXFileReference; lastKnownFileType = sourcecode.c.h; path = TipMsg.h; sourceTree = "<group>"; };
		568B746022D71757002E6F2B /* ZYPromptUtils.m */ = {isa = PBXFileReference; fileEncoding = 4; lastKnownFileType = sourcecode.c.objc; path = ZYPromptUtils.m; sourceTree = "<group>"; };
		568B746122D71757002E6F2B /* ZYPromptUtils.h */ = {isa = PBXFileReference; fileEncoding = 4; lastKnownFileType = sourcecode.c.h; path = ZYPromptUtils.h; sourceTree = "<group>"; };
		568B746322D71784002E6F2B /* ZYAlertUtils.m */ = {isa = PBXFileReference; fileEncoding = 4; lastKnownFileType = sourcecode.c.objc; path = ZYAlertUtils.m; sourceTree = "<group>"; };
		568B746422D71784002E6F2B /* ZYAlertUtils.h */ = {isa = PBXFileReference; fileEncoding = 4; lastKnownFileType = sourcecode.c.h; path = ZYAlertUtils.h; sourceTree = "<group>"; };
		56D832E52451D5D5003EB8BF /* ContractViewController.h */ = {isa = PBXFileReference; lastKnownFileType = sourcecode.c.h; path = ContractViewController.h; sourceTree = "<group>"; };
		56D832E62451D5D5003EB8BF /* ContractViewController.m */ = {isa = PBXFileReference; lastKnownFileType = sourcecode.c.objc; path = ContractViewController.m; sourceTree = "<group>"; };
		56D832E82451D651003EB8BF /* LoginVC.h */ = {isa = PBXFileReference; lastKnownFileType = sourcecode.c.h; path = LoginVC.h; sourceTree = "<group>"; };
		56D832E92451D651003EB8BF /* LoginVC.m */ = {isa = PBXFileReference; lastKnownFileType = sourcecode.c.objc; path = LoginVC.m; sourceTree = "<group>"; };
		56D832EE2451DA85003EB8BF /* ZYBaseView.h */ = {isa = PBXFileReference; lastKnownFileType = sourcecode.c.h; path = ZYBaseView.h; sourceTree = "<group>"; };
		56D832EF2451DA85003EB8BF /* ZYBaseView.m */ = {isa = PBXFileReference; lastKnownFileType = sourcecode.c.objc; path = ZYBaseView.m; sourceTree = "<group>"; };
		56D832F12451E603003EB8BF /* ZYBaseModel.h */ = {isa = PBXFileReference; lastKnownFileType = sourcecode.c.h; path = ZYBaseModel.h; sourceTree = "<group>"; };
		56D832F22451E603003EB8BF /* ZYBaseModel.m */ = {isa = PBXFileReference; lastKnownFileType = sourcecode.c.objc; path = ZYBaseModel.m; sourceTree = "<group>"; };
		56E755E422D71996001B21D9 /* ZYImageUtils.h */ = {isa = PBXFileReference; fileEncoding = 4; lastKnownFileType = sourcecode.c.h; path = ZYImageUtils.h; sourceTree = "<group>"; };
		56E755E522D71996001B21D9 /* ZYImageUtils.m */ = {isa = PBXFileReference; fileEncoding = 4; lastKnownFileType = sourcecode.c.objc; path = ZYImageUtils.m; sourceTree = "<group>"; };
		56E755E722D7199E001B21D9 /* ZYDeviceUtils.h */ = {isa = PBXFileReference; fileEncoding = 4; lastKnownFileType = sourcecode.c.h; path = ZYDeviceUtils.h; sourceTree = "<group>"; };
		56E755E822D7199E001B21D9 /* ZYDeviceUtils.m */ = {isa = PBXFileReference; fileEncoding = 4; lastKnownFileType = sourcecode.c.objc; path = ZYDeviceUtils.m; sourceTree = "<group>"; };
		56E755EA22D719A8001B21D9 /* ZYDateUtils.h */ = {isa = PBXFileReference; fileEncoding = 4; lastKnownFileType = sourcecode.c.h; path = ZYDateUtils.h; sourceTree = "<group>"; };
		56E755EB22D719A8001B21D9 /* ZYDateUtils.m */ = {isa = PBXFileReference; fileEncoding = 4; lastKnownFileType = sourcecode.c.objc; path = ZYDateUtils.m; sourceTree = "<group>"; };
		56E755F022D719EB001B21D9 /* ZYDataUtils.h */ = {isa = PBXFileReference; lastKnownFileType = sourcecode.c.h; path = ZYDataUtils.h; sourceTree = "<group>"; };
		56E755F122D719EB001B21D9 /* ZYDataUtils.m */ = {isa = PBXFileReference; lastKnownFileType = sourcecode.c.objc; path = ZYDataUtils.m; sourceTree = "<group>"; };
		56E755F322D71B3C001B21D9 /* UIViewController+CommonFunc.h */ = {isa = PBXFileReference; fileEncoding = 4; lastKnownFileType = sourcecode.c.h; path = "UIViewController+CommonFunc.h"; sourceTree = "<group>"; };
		56E755F422D71B3C001B21D9 /* UIViewController+CommonFunc.m */ = {isa = PBXFileReference; fileEncoding = 4; lastKnownFileType = sourcecode.c.objc; path = "UIViewController+CommonFunc.m"; sourceTree = "<group>"; };
		56E755F622D726B7001B21D9 /* UIColor+Additional.h */ = {isa = PBXFileReference; lastKnownFileType = sourcecode.c.h; path = "UIColor+Additional.h"; sourceTree = "<group>"; };
		56E755F722D726B7001B21D9 /* UIColor+Additional.m */ = {isa = PBXFileReference; lastKnownFileType = sourcecode.c.objc; path = "UIColor+Additional.m"; sourceTree = "<group>"; };
		56E755F922D7287D001B21D9 /* TextFont.h */ = {isa = PBXFileReference; lastKnownFileType = sourcecode.c.h; path = TextFont.h; sourceTree = "<group>"; };
		56E755FA22D72A1C001B21D9 /* UIButton+Additional.h */ = {isa = PBXFileReference; lastKnownFileType = sourcecode.c.h; path = "UIButton+Additional.h"; sourceTree = "<group>"; };
		56E755FB22D72A1C001B21D9 /* UIButton+Additional.m */ = {isa = PBXFileReference; lastKnownFileType = sourcecode.c.objc; path = "UIButton+Additional.m"; sourceTree = "<group>"; };
		56E755FD22D72AC9001B21D9 /* UILabel+AttributedText.h */ = {isa = PBXFileReference; lastKnownFileType = sourcecode.c.h; path = "UILabel+AttributedText.h"; sourceTree = "<group>"; };
		56E755FE22D72AC9001B21D9 /* UILabel+AttributedText.m */ = {isa = PBXFileReference; lastKnownFileType = sourcecode.c.objc; path = "UILabel+AttributedText.m"; sourceTree = "<group>"; };
		56E7560022D72B87001B21D9 /* NSString+RegularExpression.h */ = {isa = PBXFileReference; lastKnownFileType = sourcecode.c.h; path = "NSString+RegularExpression.h"; sourceTree = "<group>"; };
		56E7560122D72B87001B21D9 /* NSString+RegularExpression.m */ = {isa = PBXFileReference; lastKnownFileType = sourcecode.c.objc; path = "NSString+RegularExpression.m"; sourceTree = "<group>"; };
		56E7560322D73225001B21D9 /* ZYBaseBLL.h */ = {isa = PBXFileReference; lastKnownFileType = sourcecode.c.h; path = ZYBaseBLL.h; sourceTree = "<group>"; };
		56E7560422D73225001B21D9 /* ZYBaseBLL.m */ = {isa = PBXFileReference; lastKnownFileType = sourcecode.c.objc; path = ZYBaseBLL.m; sourceTree = "<group>"; };
		56E7560A22D736A5001B21D9 /* ZYBaseViewController.h */ = {isa = PBXFileReference; lastKnownFileType = sourcecode.c.h; path = ZYBaseViewController.h; sourceTree = "<group>"; };
		56E7560B22D736A5001B21D9 /* ZYBaseViewController.m */ = {isa = PBXFileReference; lastKnownFileType = sourcecode.c.objc; path = ZYBaseViewController.m; sourceTree = "<group>"; };
		56E7560D22D736C6001B21D9 /* ZYBaseNavigationController.h */ = {isa = PBXFileReference; lastKnownFileType = sourcecode.c.h; path = ZYBaseNavigationController.h; sourceTree = "<group>"; };
		56E7560E22D736C6001B21D9 /* ZYBaseNavigationController.m */ = {isa = PBXFileReference; lastKnownFileType = sourcecode.c.objc; path = ZYBaseNavigationController.m; sourceTree = "<group>"; };
		56E7561022D736E3001B21D9 /* ZYBaseTableViewCell.h */ = {isa = PBXFileReference; lastKnownFileType = sourcecode.c.h; path = ZYBaseTableViewCell.h; sourceTree = "<group>"; };
		56E7561122D736E3001B21D9 /* ZYBaseTableViewCell.m */ = {isa = PBXFileReference; lastKnownFileType = sourcecode.c.objc; path = ZYBaseTableViewCell.m; sourceTree = "<group>"; };
		56E7561322D73718001B21D9 /* ZYBaseTabBarController.h */ = {isa = PBXFileReference; lastKnownFileType = sourcecode.c.h; path = ZYBaseTabBarController.h; sourceTree = "<group>"; };
		56E7561422D73718001B21D9 /* ZYBaseTabBarController.m */ = {isa = PBXFileReference; lastKnownFileType = sourcecode.c.objc; path = ZYBaseTabBarController.m; sourceTree = "<group>"; };
		56E7561622D7373E001B21D9 /* HomeViewController.h */ = {isa = PBXFileReference; lastKnownFileType = sourcecode.c.h; path = HomeViewController.h; sourceTree = "<group>"; };
		56E7561722D7373E001B21D9 /* HomeViewController.m */ = {isa = PBXFileReference; lastKnownFileType = sourcecode.c.objc; path = HomeViewController.m; sourceTree = "<group>"; };
		56E7561F22D7377B001B21D9 /* MineViewController.h */ = {isa = PBXFileReference; lastKnownFileType = sourcecode.c.h; path = MineViewController.h; sourceTree = "<group>"; };
		56E7562022D7377B001B21D9 /* MineViewController.m */ = {isa = PBXFileReference; lastKnownFileType = sourcecode.c.objc; path = MineViewController.m; sourceTree = "<group>"; };
		867AE4BA744187ADD7715A63 /* Pods-CommonWorkspace.debug.xcconfig */ = {isa = PBXFileReference; includeInIndex = 1; lastKnownFileType = text.xcconfig; name = "Pods-CommonWorkspace.debug.xcconfig"; path = "Target Support Files/Pods-CommonWorkspace/Pods-CommonWorkspace.debug.xcconfig"; sourceTree = "<group>"; };
		A0229FA05CD40F2447C73A5A /* Pods-CommonWorkspace.release.xcconfig */ = {isa = PBXFileReference; includeInIndex = 1; lastKnownFileType = text.xcconfig; name = "Pods-CommonWorkspace.release.xcconfig"; path = "Target Support Files/Pods-CommonWorkspace/Pods-CommonWorkspace.release.xcconfig"; sourceTree = "<group>"; };
		F8F38EBEF23518AAE743A194 /* libPods-CommonWorkspace.a */ = {isa = PBXFileReference; explicitFileType = archive.ar; includeInIndex = 0; path = "libPods-CommonWorkspace.a"; sourceTree = BUILT_PRODUCTS_DIR; };
/* End PBXFileReference section */

/* Begin PBXFrameworksBuildPhase section */
		568B73E622D704A3002E6F2B /* Frameworks */ = {
			isa = PBXFrameworksBuildPhase;
			buildActionMask = 2147483647;
			files = (
				52F19A94E69315C5D3B73020 /* libPods-CommonWorkspace.a in Frameworks */,
			);
			runOnlyForDeploymentPostprocessing = 0;
		};
		568B740122D704A5002E6F2B /* Frameworks */ = {
			isa = PBXFrameworksBuildPhase;
			buildActionMask = 2147483647;
			files = (
			);
			runOnlyForDeploymentPostprocessing = 0;
		};
		568B740C22D704A5002E6F2B /* Frameworks */ = {
			isa = PBXFrameworksBuildPhase;
			buildActionMask = 2147483647;
			files = (
			);
			runOnlyForDeploymentPostprocessing = 0;
		};
/* End PBXFrameworksBuildPhase section */

/* Begin PBXGroup section */
		04F71BAC2521669200824794 /* SDPhotoBrowser */ = {
			isa = PBXGroup;
			children = (
				04F71BAD2521669200824794 /* SDPhotoBrowserConfig.h */,
				04F71BAE2521669200824794 /* SDPhotoBrowser.m */,
				04F71BAF2521669200824794 /* SDWaitingView.m */,
				04F71BB02521669200824794 /* SDBrowserImageView.m */,
				04F71BB12521669200824794 /* SDWaitingView.h */,
				04F71BB22521669200824794 /* SDPhotoBrowser.h */,
				04F71BB32521669200824794 /* SDBrowserImageView.h */,
			);
			path = SDPhotoBrowser;
			sourceTree = "<group>";
		};
		04F71BBA252167D400824794 /* SecurityUtils【加解密】 */ = {
			isa = PBXGroup;
			children = (
				04F71BBC252167D400824794 /* JYLSecurityUtils.h */,
				04F71BC1252167D400824794 /* JYLSecurityUtils.m */,
				04F71BC0252167D400824794 /* NEUBase64.h */,
				04F71BBD252167D400824794 /* NEUBase64.m */,
				04F71BBF252167D400824794 /* NEUDefines.h */,
				04F71BBB252167D400824794 /* NSData+AES.h */,
				04F71BBE252167D400824794 /* NSData+AES.m */,
			);
			path = "SecurityUtils【加解密】";
			sourceTree = "<group>";
		};
		37D9CD5B387EAC8294531691 /* Pods */ = {
			isa = PBXGroup;
			children = (
				867AE4BA744187ADD7715A63 /* Pods-CommonWorkspace.debug.xcconfig */,
				A0229FA05CD40F2447C73A5A /* Pods-CommonWorkspace.release.xcconfig */,
			);
			path = Pods;
			sourceTree = "<group>";
		};
		49B5F01F52A37CEBD9E2DDBB /* Frameworks */ = {
			isa = PBXGroup;
			children = (
				F8F38EBEF23518AAE743A194 /* libPods-CommonWorkspace.a */,
			);
			name = Frameworks;
			sourceTree = "<group>";
		};
		562269B42451D3A4008884A9 /* SDCycleScrollView */ = {
			isa = PBXGroup;
			children = (
				562269B52451D3A4008884A9 /* LICENSE */,
				562269B62451D3A4008884A9 /* README.md */,
				562269B72451D3A4008884A9 /* SDCycleScrollView */,
			);
			path = SDCycleScrollView;
			sourceTree = "<group>";
		};
		562269B72451D3A4008884A9 /* SDCycleScrollView */ = {
			isa = PBXGroup;
			children = (
				562269B82451D3A4008884A9 /* Lib */,
			);
			path = SDCycleScrollView;
			sourceTree = "<group>";
		};
		562269B82451D3A4008884A9 /* Lib */ = {
			isa = PBXGroup;
			children = (
				562269B92451D3A4008884A9 /* SDCycleScrollView */,
			);
			path = Lib;
			sourceTree = "<group>";
		};
		562269B92451D3A4008884A9 /* SDCycleScrollView */ = {
			isa = PBXGroup;
			children = (
				562269BA2451D3A4008884A9 /* UIView+SDExtension.h */,
				562269BB2451D3A4008884A9 /* SDCycleScrollView.h */,
				562269BC2451D3A4008884A9 /* SDCollectionViewCell.h */,
				562269BD2451D3A4008884A9 /* SDCycleScrollView.m */,
				562269BE2451D3A4008884A9 /* UIView+SDExtension.m */,
				562269BF2451D3A4008884A9 /* SDCollectionViewCell.m */,
				562269C02451D3A4008884A9 /* PageControl */,
			);
			path = SDCycleScrollView;
			sourceTree = "<group>";
		};
		562269C02451D3A4008884A9 /* PageControl */ = {
			isa = PBXGroup;
			children = (
				562269C12451D3A4008884A9 /* TAAbstractDotView.h */,
				562269C22451D3A4008884A9 /* TADotView.m */,
				562269C32451D3A4008884A9 /* TAPageControl.m */,
				562269C42451D3A4008884A9 /* TAAnimatedDotView.m */,
				562269C52451D3A4008884A9 /* TAAbstractDotView.m */,
				562269C62451D3A4008884A9 /* TADotView.h */,
				562269C72451D3A4008884A9 /* TAAnimatedDotView.h */,
				562269C82451D3A4008884A9 /* TAPageControl.h */,
			);
			path = PageControl;
			sourceTree = "<group>";
		};
		562269D22451D3AC008884A9 /* YBPopupMenu */ = {
			isa = PBXGroup;
			children = (
				562269D32451D3AC008884A9 /* YBPopupMenu.h */,
				562269D72451D3AC008884A9 /* YBPopupMenu.m */,
				562269D82451D3AC008884A9 /* YBPopupMenuPath.h */,
				562269D52451D3AC008884A9 /* YBPopupMenuPath.m */,
				562269D62451D3AC008884A9 /* YBRectConst.h */,
				562269D42451D3AC008884A9 /* YBRectConst.m */,
			);
			path = YBPopupMenu;
			sourceTree = "<group>";
		};
		562269DC2451D3E7008884A9 /* Storyboard */ = {
			isa = PBXGroup;
			children = (
				562269DD2451D406008884A9 /* Login.storyboard */,
				562269DF2451D40F008884A9 /* Home.storyboard */,
				562269E12451D444008884A9 /* Quotation.storyboard */,
				562269E32451D462008884A9 /* Contract.storyboard */,
				562269E52451D46A008884A9 /* Mine.storyboard */,
			);
			path = Storyboard;
			sourceTree = "<group>";
		};
		565AC8B42453CC9D0022299C /* NewPagedFlowView */ = {
			isa = PBXGroup;
			children = (
				565AC8B82453CC9D0022299C /* NewPagedFlowView.h */,
				565AC8B62453CC9D0022299C /* NewPagedFlowView.m */,
				565AC8B72453CC9D0022299C /* PGIndexBannerSubiew.h */,
				565AC8B52453CC9D0022299C /* PGIndexBannerSubiew.m */,
			);
			path = NewPagedFlowView;
			sourceTree = "<group>";
		};
		568B73E022D704A3002E6F2B = {
			isa = PBXGroup;
			children = (
				568B73EB22D704A3002E6F2B /* CommonWorkspace */,
				568B740722D704A5002E6F2B /* CommonWorkspaceTests */,
				568B741222D704A5002E6F2B /* CommonWorkspaceUITests */,
				568B73EA22D704A3002E6F2B /* Products */,
				49B5F01F52A37CEBD9E2DDBB /* Frameworks */,
				37D9CD5B387EAC8294531691 /* Pods */,
			);
			sourceTree = "<group>";
		};
		568B73EA22D704A3002E6F2B /* Products */ = {
			isa = PBXGroup;
			children = (
				568B73E922D704A3002E6F2B /* BTACOIN.app */,
				568B740422D704A5002E6F2B /* CommonWorkspaceTests.xctest */,
				568B740F22D704A5002E6F2B /* CommonWorkspaceUITests.xctest */,
			);
			name = Products;
			sourceTree = "<group>";
		};
		568B73EB22D704A3002E6F2B /* CommonWorkspace */ = {
			isa = PBXGroup;
			children = (
				568B73EC22D704A3002E6F2B /* AppDelegate.h */,
				568B73ED22D704A3002E6F2B /* AppDelegate.m */,
				568B742822D707D4002E6F2B /* BaseClass[基类] */,
				568B742122D70697002E6F2B /* Sections[模块] */,
				562269DC2451D3E7008884A9 /* Storyboard */,
				568B742B22D70827002E6F2B /* Common[通用] */,
				568B742922D707E9002E6F2B /* ToolBox[工具类] */,
				568B742C22D70850002E6F2B /* ThirdLibs[第三方库] */,
				568B742A22D707FE002E6F2B /* Support */,
				568B73FD22D704A5002E6F2B /* Info.plist */,
				568B73FE22D704A5002E6F2B /* main.m */,
			);
			path = CommonWorkspace;
			sourceTree = "<group>";
		};
		568B740722D704A5002E6F2B /* CommonWorkspaceTests */ = {
			isa = PBXGroup;
			children = (
				568B740822D704A5002E6F2B /* CommonWorkspaceTests.m */,
				568B740A22D704A5002E6F2B /* Info.plist */,
			);
			path = CommonWorkspaceTests;
			sourceTree = "<group>";
		};
		568B741222D704A5002E6F2B /* CommonWorkspaceUITests */ = {
			isa = PBXGroup;
			children = (
				568B741322D704A5002E6F2B /* CommonWorkspaceUITests.m */,
				568B741522D704A5002E6F2B /* Info.plist */,
			);
			path = CommonWorkspaceUITests;
			sourceTree = "<group>";
		};
		568B742122D70697002E6F2B /* Sections[模块] */ = {
			isa = PBXGroup;
			children = (
				568B742222D706B0002E6F2B /* Login[登录] */,
				568B742322D706BE002E6F2B /* Home[首页] */,
				568B742422D706E1002E6F2B /* Quotation[行情] */,
				568B742522D706F2002E6F2B /* Contract[合约] */,
				568B742622D70734002E6F2B /* Mine[我的] */,
			);
			path = "Sections[模块]";
			sourceTree = "<group>";
		};
		568B742222D706B0002E6F2B /* Login[登录] */ = {
			isa = PBXGroup;
			children = (
				56D832E82451D651003EB8BF /* LoginVC.h */,
				56D832E92451D651003EB8BF /* LoginVC.m */,
			);
			path = "Login[登录]";
			sourceTree = "<group>";
		};
		568B742322D706BE002E6F2B /* Home[首页] */ = {
			isa = PBXGroup;
			children = (
				56E7561622D7373E001B21D9 /* HomeViewController.h */,
				56E7561722D7373E001B21D9 /* HomeViewController.m */,
			);
			path = "Home[首页]";
			sourceTree = "<group>";
		};
		568B742422D706E1002E6F2B /* Quotation[行情] */ = {
			isa = PBXGroup;
			children = (
				562269E72451D541008884A9 /* QuotationViewController.h */,
				562269E82451D541008884A9 /* QuotationViewController.m */,
			);
			path = "Quotation[行情]";
			sourceTree = "<group>";
		};
		568B742522D706F2002E6F2B /* Contract[合约] */ = {
			isa = PBXGroup;
			children = (
				56D832E52451D5D5003EB8BF /* ContractViewController.h */,
				56D832E62451D5D5003EB8BF /* ContractViewController.m */,
			);
			path = "Contract[合约]";
			sourceTree = "<group>";
		};
		568B742622D70734002E6F2B /* Mine[我的] */ = {
			isa = PBXGroup;
			children = (
				56E7561F22D7377B001B21D9 /* MineViewController.h */,
				56E7562022D7377B001B21D9 /* MineViewController.m */,
			);
			path = "Mine[我的]";
			sourceTree = "<group>";
		};
		568B742822D707D4002E6F2B /* BaseClass[基类] */ = {
			isa = PBXGroup;
			children = (
				56D832ED2451DA67003EB8BF /* View */,
				56D832EC2451DA61003EB8BF /* Model */,
				56D832EB2451DA50003EB8BF /* VC */,
			);
			path = "BaseClass[基类]";
			sourceTree = "<group>";
		};
		568B742922D707E9002E6F2B /* ToolBox[工具类] */ = {
			isa = PBXGroup;
			children = (
				04F71BBA252167D400824794 /* SecurityUtils【加解密】 */,
				568B744A22D71235002E6F2B /* PromptUtils[气泡提示相关] */,
				568B744922D711AF002E6F2B /* AlertUtils[弹窗相关] */,
				568B744822D7114F002E6F2B /* ImageUtils[图片相关] */,
				568B744722D71134002E6F2B /* DeviceUtils[设备信息相关] */,
				568B744622D71126002E6F2B /* DateUtils[时间格式相关] */,
				568B744522D710EC002E6F2B /* DataUtils[数据相关] */,
			);
			path = "ToolBox[工具类]";
			sourceTree = "<group>";
		};
		568B742A22D707FE002E6F2B /* Support */ = {
			isa = PBXGroup;
			children = (
				568B742D22D708A3002E6F2B /* PrefixHeader.pch */,
				568B73F222D704A3002E6F2B /* Main.storyboard */,
				568B73FA22D704A5002E6F2B /* LaunchScreen.storyboard */,
				568B73F822D704A5002E6F2B /* Assets.xcassets */,
			);
			path = Support;
			sourceTree = "<group>";
		};
		568B742B22D70827002E6F2B /* Common[通用] */ = {
			isa = PBXGroup;
			children = (
				568B743222D70DAF002E6F2B /* Category[类目] */,
				568B743122D70D6B002E6F2B /* UserData[用户数据] */,
				568B743022D70D0C002E6F2B /* UISet */,
				568B742F22D70CED002E6F2B /* NetWork[网络] */,
				568B742E22D70CD4002E6F2B /* Config[静态配置] */,
			);
			path = "Common[通用]";
			sourceTree = "<group>";
		};
		568B742C22D70850002E6F2B /* ThirdLibs[第三方库] */ = {
			isa = PBXGroup;
			children = (
				04F71BAC2521669200824794 /* SDPhotoBrowser */,
				565AC8B42453CC9D0022299C /* NewPagedFlowView */,
				562269D22451D3AC008884A9 /* YBPopupMenu */,
				562269B42451D3A4008884A9 /* SDCycleScrollView */,
			);
			path = "ThirdLibs[第三方库]";
			sourceTree = "<group>";
		};
		568B742E22D70CD4002E6F2B /* Config[静态配置] */ = {
			isa = PBXGroup;
			children = (
				568B743D22D7100B002E6F2B /* Color.h */,
				568B743E22D71026002E6F2B /* Config.h */,
				568B743F22D71034002E6F2B /* TipMsg.h */,
				56E755F922D7287D001B21D9 /* TextFont.h */,
				562269B32451D369008884A9 /* GlobalEnum.h */,
				562269B02451D277008884A9 /* Const.h */,
				562269B12451D28A008884A9 /* Const.m */,
			);
			path = "Config[静态配置]";
			sourceTree = "<group>";
		};
		568B742F22D70CED002E6F2B /* NetWork[网络] */ = {
			isa = PBXGroup;
			children = (
				568B743A22D70FF5002E6F2B /* NetWork.h */,
				568B743B22D70FF5002E6F2B /* NetWork.m */,
			);
			path = "NetWork[网络]";
			sourceTree = "<group>";
		};
		568B743022D70D0C002E6F2B /* UISet */ = {
			isa = PBXGroup;
			children = (
				568B743722D70E36002E6F2B /* UISet.h */,
				568B743822D70E36002E6F2B /* UISet.m */,
			);
			path = UISet;
			sourceTree = "<group>";
		};
		568B743122D70D6B002E6F2B /* UserData[用户数据] */ = {
			isa = PBXGroup;
			children = (
				568B743422D70E02002E6F2B /* UserData.h */,
				568B743522D70E02002E6F2B /* UserData.m */,
			);
			path = "UserData[用户数据]";
			sourceTree = "<group>";
		};
		568B743222D70DAF002E6F2B /* Category[类目] */ = {
			isa = PBXGroup;
			children = (
				04F71BD22521690200824794 /* UIViewController+JYLPushUtils.h */,
				04F71BD12521690100824794 /* UIViewController+JYLPushUtils.m */,
				04F71BCC252168D600824794 /* UIImageView+CornerRadius.h */,
				04F71BCB252168D500824794 /* UIImageView+CornerRadius.m */,
				56E755F322D71B3C001B21D9 /* UIViewController+CommonFunc.h */,
				56E755F422D71B3C001B21D9 /* UIViewController+CommonFunc.m */,
				56E755F622D726B7001B21D9 /* UIColor+Additional.h */,
				56E755F722D726B7001B21D9 /* UIColor+Additional.m */,
				56E755FA22D72A1C001B21D9 /* UIButton+Additional.h */,
				56E755FB22D72A1C001B21D9 /* UIButton+Additional.m */,
				56E755FD22D72AC9001B21D9 /* UILabel+AttributedText.h */,
				56E755FE22D72AC9001B21D9 /* UILabel+AttributedText.m */,
				56E7560022D72B87001B21D9 /* NSString+RegularExpression.h */,
				56E7560122D72B87001B21D9 /* NSString+RegularExpression.m */,
				04F71BD7252169DD00824794 /* UIView+Additional.h */,
				04F71BD8252169DD00824794 /* UIView+Additional.m */,
			);
			path = "Category[类目]";
			sourceTree = "<group>";
		};
		568B744522D710EC002E6F2B /* DataUtils[数据相关] */ = {
			isa = PBXGroup;
			children = (
				56E755F022D719EB001B21D9 /* ZYDataUtils.h */,
				56E755F122D719EB001B21D9 /* ZYDataUtils.m */,
			);
			path = "DataUtils[数据相关]";
			sourceTree = "<group>";
		};
		568B744622D71126002E6F2B /* DateUtils[时间格式相关] */ = {
			isa = PBXGroup;
			children = (
				56E755EA22D719A8001B21D9 /* ZYDateUtils.h */,
				56E755EB22D719A8001B21D9 /* ZYDateUtils.m */,
			);
			path = "DateUtils[时间格式相关]";
			sourceTree = "<group>";
		};
		568B744722D71134002E6F2B /* DeviceUtils[设备信息相关] */ = {
			isa = PBXGroup;
			children = (
				56E755E722D7199E001B21D9 /* ZYDeviceUtils.h */,
				56E755E822D7199E001B21D9 /* ZYDeviceUtils.m */,
			);
			path = "DeviceUtils[设备信息相关]";
			sourceTree = "<group>";
		};
		568B744822D7114F002E6F2B /* ImageUtils[图片相关] */ = {
			isa = PBXGroup;
			children = (
				56E755E422D71996001B21D9 /* ZYImageUtils.h */,
				56E755E522D71996001B21D9 /* ZYImageUtils.m */,
			);
			path = "ImageUtils[图片相关]";
			sourceTree = "<group>";
		};
		568B744922D711AF002E6F2B /* AlertUtils[弹窗相关] */ = {
			isa = PBXGroup;
			children = (
				568B746422D71784002E6F2B /* ZYAlertUtils.h */,
				568B746322D71784002E6F2B /* ZYAlertUtils.m */,
			);
			path = "AlertUtils[弹窗相关]";
			sourceTree = "<group>";
		};
		568B744A22D71235002E6F2B /* PromptUtils[气泡提示相关] */ = {
			isa = PBXGroup;
			children = (
				568B746122D71757002E6F2B /* ZYPromptUtils.h */,
				568B746022D71757002E6F2B /* ZYPromptUtils.m */,
			);
			path = "PromptUtils[气泡提示相关]";
			sourceTree = "<group>";
		};
		56D832EB2451DA50003EB8BF /* VC */ = {
			isa = PBXGroup;
			children = (
				56E7560A22D736A5001B21D9 /* ZYBaseViewController.h */,
				56E7560B22D736A5001B21D9 /* ZYBaseViewController.m */,
				562269AD2451CE9C008884A9 /* ZYBaseTableViewController.h */,
				562269AE2451CE9C008884A9 /* ZYBaseTableViewController.m */,
				56E7560D22D736C6001B21D9 /* ZYBaseNavigationController.h */,
				56E7560E22D736C6001B21D9 /* ZYBaseNavigationController.m */,
				56E7561322D73718001B21D9 /* ZYBaseTabBarController.h */,
				56E7561422D73718001B21D9 /* ZYBaseTabBarController.m */,
				565AC8B12453CC600022299C /* ZYWebVC.h */,
				565AC8B22453CC600022299C /* ZYWebVC.m */,
			);
			path = VC;
			sourceTree = "<group>";
		};
		56D832EC2451DA61003EB8BF /* Model */ = {
			isa = PBXGroup;
			children = (
				56D832F12451E603003EB8BF /* ZYBaseModel.h */,
				56D832F22451E603003EB8BF /* ZYBaseModel.m */,
				56E7560322D73225001B21D9 /* ZYBaseBLL.h */,
				56E7560422D73225001B21D9 /* ZYBaseBLL.m */,
			);
			path = Model;
			sourceTree = "<group>";
		};
		56D832ED2451DA67003EB8BF /* View */ = {
			isa = PBXGroup;
			children = (
				56E7561022D736E3001B21D9 /* ZYBaseTableViewCell.h */,
				56E7561122D736E3001B21D9 /* ZYBaseTableViewCell.m */,
				56D832EE2451DA85003EB8BF /* ZYBaseView.h */,
				56D832EF2451DA85003EB8BF /* ZYBaseView.m */,
			);
			path = View;
			sourceTree = "<group>";
		};
/* End PBXGroup section */

/* Begin PBXNativeTarget section */
		568B73E822D704A3002E6F2B /* CommonWorkspace */ = {
			isa = PBXNativeTarget;
			buildConfigurationList = 568B741822D704A5002E6F2B /* Build configuration list for PBXNativeTarget "CommonWorkspace" */;
			buildPhases = (
				660FAB57EA5708042E6DAA59 /* [CP] Check Pods Manifest.lock */,
				568B73E522D704A3002E6F2B /* Sources */,
				568B73E622D704A3002E6F2B /* Frameworks */,
				568B73E722D704A3002E6F2B /* Resources */,
				AC7219F3058F5935B9F0BE34 /* [CP] Copy Pods Resources */,
			);
			buildRules = (
			);
			dependencies = (
			);
			name = CommonWorkspace;
			productName = CommonWorkspace;
			productReference = 568B73E922D704A3002E6F2B /* BTACOIN.app */;
			productType = "com.apple.product-type.application";
		};
		568B740322D704A5002E6F2B /* CommonWorkspaceTests */ = {
			isa = PBXNativeTarget;
			buildConfigurationList = 568B741B22D704A5002E6F2B /* Build configuration list for PBXNativeTarget "CommonWorkspaceTests" */;
			buildPhases = (
				568B740022D704A5002E6F2B /* Sources */,
				568B740122D704A5002E6F2B /* Frameworks */,
				568B740222D704A5002E6F2B /* Resources */,
			);
			buildRules = (
			);
			dependencies = (
				568B740622D704A5002E6F2B /* PBXTargetDependency */,
			);
			name = CommonWorkspaceTests;
			productName = CommonWorkspaceTests;
			productReference = 568B740422D704A5002E6F2B /* CommonWorkspaceTests.xctest */;
			productType = "com.apple.product-type.bundle.unit-test";
		};
		568B740E22D704A5002E6F2B /* CommonWorkspaceUITests */ = {
			isa = PBXNativeTarget;
			buildConfigurationList = 568B741E22D704A5002E6F2B /* Build configuration list for PBXNativeTarget "CommonWorkspaceUITests" */;
			buildPhases = (
				568B740B22D704A5002E6F2B /* Sources */,
				568B740C22D704A5002E6F2B /* Frameworks */,
				568B740D22D704A5002E6F2B /* Resources */,
			);
			buildRules = (
			);
			dependencies = (
				568B741122D704A5002E6F2B /* PBXTargetDependency */,
			);
			name = CommonWorkspaceUITests;
			productName = CommonWorkspaceUITests;
			productReference = 568B740F22D704A5002E6F2B /* CommonWorkspaceUITests.xctest */;
			productType = "com.apple.product-type.bundle.ui-testing";
		};
/* End PBXNativeTarget section */

/* Begin PBXProject section */
		568B73E122D704A3002E6F2B /* Project object */ = {
			isa = PBXProject;
			attributes = {
				LastUpgradeCheck = 1020;
				ORGANIZATIONNAME = "赵越";
				TargetAttributes = {
					568B73E822D704A3002E6F2B = {
						CreatedOnToolsVersion = 10.2;
					};
					568B740322D704A5002E6F2B = {
						CreatedOnToolsVersion = 10.2;
						TestTargetID = 568B73E822D704A3002E6F2B;
					};
					568B740E22D704A5002E6F2B = {
						CreatedOnToolsVersion = 10.2;
						TestTargetID = 568B73E822D704A3002E6F2B;
					};
				};
			};
			buildConfigurationList = 568B73E422D704A3002E6F2B /* Build configuration list for PBXProject "CommonWorkspace" */;
			compatibilityVersion = "Xcode 9.3";
			developmentRegion = en;
			hasScannedForEncodings = 0;
			knownRegions = (
				en,
				Base,
			);
			mainGroup = 568B73E022D704A3002E6F2B;
			productRefGroup = 568B73EA22D704A3002E6F2B /* Products */;
			projectDirPath = "";
			projectRoot = "";
			targets = (
				568B73E822D704A3002E6F2B /* CommonWorkspace */,
				568B740322D704A5002E6F2B /* CommonWorkspaceTests */,
				568B740E22D704A5002E6F2B /* CommonWorkspaceUITests */,
			);
		};
/* End PBXProject section */

/* Begin PBXResourcesBuildPhase section */
		568B73E722D704A3002E6F2B /* Resources */ = {
			isa = PBXResourcesBuildPhase;
			buildActionMask = 2147483647;
			files = (
				562269E02451D40F008884A9 /* Home.storyboard in Resources */,
				562269E42451D462008884A9 /* Contract.storyboard in Resources */,
				568B73FC22D704A5002E6F2B /* LaunchScreen.storyboard in Resources */,
				568B73F922D704A5002E6F2B /* Assets.xcassets in Resources */,
				562269DE2451D406008884A9 /* Login.storyboard in Resources */,
				562269CA2451D3A4008884A9 /* README.md in Resources */,
				562269C92451D3A4008884A9 /* LICENSE in Resources */,
				562269E62451D46A008884A9 /* Mine.storyboard in Resources */,
				568B73F422D704A3002E6F2B /* Main.storyboard in Resources */,
				562269E22451D444008884A9 /* Quotation.storyboard in Resources */,
			);
			runOnlyForDeploymentPostprocessing = 0;
		};
		568B740222D704A5002E6F2B /* Resources */ = {
			isa = PBXResourcesBuildPhase;
			buildActionMask = 2147483647;
			files = (
			);
			runOnlyForDeploymentPostprocessing = 0;
		};
		568B740D22D704A5002E6F2B /* Resources */ = {
			isa = PBXResourcesBuildPhase;
			buildActionMask = 2147483647;
			files = (
			);
			runOnlyForDeploymentPostprocessing = 0;
		};
/* End PBXResourcesBuildPhase section */

/* Begin PBXShellScriptBuildPhase section */
		660FAB57EA5708042E6DAA59 /* [CP] Check Pods Manifest.lock */ = {
			isa = PBXShellScriptBuildPhase;
			buildActionMask = 2147483647;
			files = (
			);
			inputFileListPaths = (
			);
			inputPaths = (
				"${PODS_PODFILE_DIR_PATH}/Podfile.lock",
				"${PODS_ROOT}/Manifest.lock",
			);
			name = "[CP] Check Pods Manifest.lock";
			outputFileListPaths = (
			);
			outputPaths = (
				"$(DERIVED_FILE_DIR)/Pods-CommonWorkspace-checkManifestLockResult.txt",
			);
			runOnlyForDeploymentPostprocessing = 0;
			shellPath = /bin/sh;
			shellScript = "diff \"${PODS_PODFILE_DIR_PATH}/Podfile.lock\" \"${PODS_ROOT}/Manifest.lock\" > /dev/null\nif [ $? != 0 ] ; then\n    # print error to STDERR\n    echo \"error: The sandbox is not in sync with the Podfile.lock. Run 'pod install' or update your CocoaPods installation.\" >&2\n    exit 1\nfi\n# This output is used by Xcode 'outputs' to avoid re-running this script phase.\necho \"SUCCESS\" > \"${SCRIPT_OUTPUT_FILE_0}\"\n";
			showEnvVarsInLog = 0;
		};
		AC7219F3058F5935B9F0BE34 /* [CP] Copy Pods Resources */ = {
			isa = PBXShellScriptBuildPhase;
			buildActionMask = 2147483647;
			files = (
			);
			inputFileListPaths = (
				"${PODS_ROOT}/Target Support Files/Pods-CommonWorkspace/Pods-CommonWorkspace-resources-${CONFIGURATION}-input-files.xcfilelist",
			);
			name = "[CP] Copy Pods Resources";
			outputFileListPaths = (
				"${PODS_ROOT}/Target Support Files/Pods-CommonWorkspace/Pods-CommonWorkspace-resources-${CONFIGURATION}-output-files.xcfilelist",
			);
			runOnlyForDeploymentPostprocessing = 0;
			shellPath = /bin/sh;
			shellScript = "\"${PODS_ROOT}/Target Support Files/Pods-CommonWorkspace/Pods-CommonWorkspace-resources.sh\"\n";
			showEnvVarsInLog = 0;
		};
/* End PBXShellScriptBuildPhase section */

/* Begin PBXSourcesBuildPhase section */
		568B73E522D704A3002E6F2B /* Sources */ = {
			isa = PBXSourcesBuildPhase;
			buildActionMask = 2147483647;
			files = (
				04F71BD32521690200824794 /* UIViewController+JYLPushUtils.m in Sources */,
				56E7561222D736E3001B21D9 /* ZYBaseTableViewCell.m in Sources */,
				562269E92451D541008884A9 /* QuotationViewController.m in Sources */,
				04F71BB62521669200824794 /* SDBrowserImageView.m in Sources */,
				56E7560522D73225001B21D9 /* ZYBaseBLL.m in Sources */,
				565AC8BA2453CC9D0022299C /* NewPagedFlowView.m in Sources */,
				04F71BB42521669200824794 /* SDPhotoBrowser.m in Sources */,
				56E7561822D7373E001B21D9 /* HomeViewController.m in Sources */,
				568B73FF22D704A5002E6F2B /* main.m in Sources */,
				565AC8B32453CC600022299C /* ZYWebVC.m in Sources */,
				04F71BCD252168D600824794 /* UIImageView+CornerRadius.m in Sources */,
				568B743622D70E02002E6F2B /* UserData.m in Sources */,
				562269DB2451D3AC008884A9 /* YBPopupMenu.m in Sources */,
				56E7560F22D736C6001B21D9 /* ZYBaseNavigationController.m in Sources */,
				562269AF2451CE9C008884A9 /* ZYBaseTableViewController.m in Sources */,
				56E755F822D726B7001B21D9 /* UIColor+Additional.m in Sources */,
				568B743922D70E36002E6F2B /* UISet.m in Sources */,
				568B746522D71784002E6F2B /* ZYAlertUtils.m in Sources */,
				04F71BC4252167D400824794 /* JYLSecurityUtils.m in Sources */,
				04F71BD9252169DD00824794 /* UIView+Additional.m in Sources */,
				568B746222D71757002E6F2B /* ZYPromptUtils.m in Sources */,
				56D832EA2451D651003EB8BF /* LoginVC.m in Sources */,
				56E755F522D71B3C001B21D9 /* UIViewController+CommonFunc.m in Sources */,
				562269CC2451D3A4008884A9 /* UIView+SDExtension.m in Sources */,
				56D832F32451E603003EB8BF /* ZYBaseModel.m in Sources */,
				04F71BB52521669200824794 /* SDWaitingView.m in Sources */,
				56E755FF22D72AC9001B21D9 /* UILabel+AttributedText.m in Sources */,
				56E7562122D7377B001B21D9 /* MineViewController.m in Sources */,
				56D832E72451D5D5003EB8BF /* ContractViewController.m in Sources */,
				56E7561522D73718001B21D9 /* ZYBaseTabBarController.m in Sources */,
				562269CF2451D3A4008884A9 /* TAPageControl.m in Sources */,
				56E7560222D72B87001B21D9 /* NSString+RegularExpression.m in Sources */,
				56E755F222D719EB001B21D9 /* ZYDataUtils.m in Sources */,
				568B743C22D70FF5002E6F2B /* NetWork.m in Sources */,
				565AC8B92453CC9D0022299C /* PGIndexBannerSubiew.m in Sources */,
				56E755E922D7199F001B21D9 /* ZYDeviceUtils.m in Sources */,
				562269D02451D3A4008884A9 /* TAAnimatedDotView.m in Sources */,
				568B73EE22D704A3002E6F2B /* AppDelegate.m in Sources */,
				04F71BC2252167D400824794 /* NEUBase64.m in Sources */,
				56E755E622D71996001B21D9 /* ZYImageUtils.m in Sources */,
				56E7560C22D736A5001B21D9 /* ZYBaseViewController.m in Sources */,
				562269B22451D28A008884A9 /* Const.m in Sources */,
				04F71BC3252167D400824794 /* NSData+AES.m in Sources */,
				56E755FC22D72A1C001B21D9 /* UIButton+Additional.m in Sources */,
				56D832F02451DA85003EB8BF /* ZYBaseView.m in Sources */,
				562269CB2451D3A4008884A9 /* SDCycleScrollView.m in Sources */,
				562269DA2451D3AC008884A9 /* YBPopupMenuPath.m in Sources */,
				562269D12451D3A4008884A9 /* TAAbstractDotView.m in Sources */,
				562269D92451D3AC008884A9 /* YBRectConst.m in Sources */,
				562269CE2451D3A4008884A9 /* TADotView.m in Sources */,
				562269CD2451D3A4008884A9 /* SDCollectionViewCell.m in Sources */,
				56E755EC22D719A8001B21D9 /* ZYDateUtils.m in Sources */,
			);
			runOnlyForDeploymentPostprocessing = 0;
		};
		568B740022D704A5002E6F2B /* Sources */ = {
			isa = PBXSourcesBuildPhase;
			buildActionMask = 2147483647;
			files = (
				568B740922D704A5002E6F2B /* CommonWorkspaceTests.m in Sources */,
			);
			runOnlyForDeploymentPostprocessing = 0;
		};
		568B740B22D704A5002E6F2B /* Sources */ = {
			isa = PBXSourcesBuildPhase;
			buildActionMask = 2147483647;
			files = (
				568B741422D704A5002E6F2B /* CommonWorkspaceUITests.m in Sources */,
			);
			runOnlyForDeploymentPostprocessing = 0;
		};
/* End PBXSourcesBuildPhase section */

/* Begin PBXTargetDependency section */
		568B740622D704A5002E6F2B /* PBXTargetDependency */ = {
			isa = PBXTargetDependency;
			target = 568B73E822D704A3002E6F2B /* CommonWorkspace */;
			targetProxy = 568B740522D704A5002E6F2B /* PBXContainerItemProxy */;
		};
		568B741122D704A5002E6F2B /* PBXTargetDependency */ = {
			isa = PBXTargetDependency;
			target = 568B73E822D704A3002E6F2B /* CommonWorkspace */;
			targetProxy = 568B741022D704A5002E6F2B /* PBXContainerItemProxy */;
		};
/* End PBXTargetDependency section */

/* Begin PBXVariantGroup section */
		568B73F222D704A3002E6F2B /* Main.storyboard */ = {
			isa = PBXVariantGroup;
			children = (
				568B73F322D704A3002E6F2B /* Base */,
			);
			name = Main.storyboard;
			sourceTree = "<group>";
		};
		568B73FA22D704A5002E6F2B /* LaunchScreen.storyboard */ = {
			isa = PBXVariantGroup;
			children = (
				568B73FB22D704A5002E6F2B /* Base */,
			);
			name = LaunchScreen.storyboard;
			sourceTree = "<group>";
		};
/* End PBXVariantGroup section */

/* Begin XCBuildConfiguration section */
		568B741622D704A5002E6F2B /* Debug */ = {
			isa = XCBuildConfiguration;
			buildSettings = {
				ALWAYS_SEARCH_USER_PATHS = NO;
				CLANG_ANALYZER_NONNULL = YES;
				CLANG_ANALYZER_NUMBER_OBJECT_CONVERSION = YES_AGGRESSIVE;
				CLANG_CXX_LANGUAGE_STANDARD = "gnu++14";
				CLANG_CXX_LIBRARY = "libc++";
				CLANG_ENABLE_MODULES = YES;
				CLANG_ENABLE_OBJC_ARC = YES;
				CLANG_ENABLE_OBJC_WEAK = YES;
				CLANG_WARN_BLOCK_CAPTURE_AUTORELEASING = YES;
				CLANG_WARN_BOOL_CONVERSION = YES;
				CLANG_WARN_COMMA = YES;
				CLANG_WARN_CONSTANT_CONVERSION = YES;
				CLANG_WARN_DEPRECATED_OBJC_IMPLEMENTATIONS = YES;
				CLANG_WARN_DIRECT_OBJC_ISA_USAGE = YES_ERROR;
				CLANG_WARN_DOCUMENTATION_COMMENTS = YES;
				CLANG_WARN_EMPTY_BODY = YES;
				CLANG_WARN_ENUM_CONVERSION = YES;
				CLANG_WARN_INFINITE_RECURSION = YES;
				CLANG_WARN_INT_CONVERSION = YES;
				CLANG_WARN_NON_LITERAL_NULL_CONVERSION = YES;
				CLANG_WARN_OBJC_IMPLICIT_RETAIN_SELF = YES;
				CLANG_WARN_OBJC_LITERAL_CONVERSION = YES;
				CLANG_WARN_OBJC_ROOT_CLASS = YES_ERROR;
				CLANG_WARN_RANGE_LOOP_ANALYSIS = YES;
				CLANG_WARN_STRICT_PROTOTYPES = YES;
				CLANG_WARN_SUSPICIOUS_MOVE = YES;
				CLANG_WARN_UNGUARDED_AVAILABILITY = YES_AGGRESSIVE;
				CLANG_WARN_UNREACHABLE_CODE = YES;
				CLANG_WARN__DUPLICATE_METHOD_MATCH = YES;
				CODE_SIGN_IDENTITY = "iPhone Developer";
				COPY_PHASE_STRIP = NO;
				DEBUG_INFORMATION_FORMAT = dwarf;
				ENABLE_STRICT_OBJC_MSGSEND = YES;
				ENABLE_TESTABILITY = YES;
				GCC_C_LANGUAGE_STANDARD = gnu11;
				GCC_DYNAMIC_NO_PIC = NO;
				GCC_NO_COMMON_BLOCKS = YES;
				GCC_OPTIMIZATION_LEVEL = 0;
				GCC_PREPROCESSOR_DEFINITIONS = (
					"DEBUG=1",
					"$(inherited)",
				);
				GCC_WARN_64_TO_32_BIT_CONVERSION = YES;
				GCC_WARN_ABOUT_RETURN_TYPE = YES_ERROR;
				GCC_WARN_UNDECLARED_SELECTOR = YES;
				GCC_WARN_UNINITIALIZED_AUTOS = YES_AGGRESSIVE;
				GCC_WARN_UNUSED_FUNCTION = YES;
				GCC_WARN_UNUSED_VARIABLE = YES;
				IPHONEOS_DEPLOYMENT_TARGET = 10.0;
				MTL_ENABLE_DEBUG_INFO = INCLUDE_SOURCE;
				MTL_FAST_MATH = YES;
				ONLY_ACTIVE_ARCH = YES;
				SDKROOT = iphoneos;
			};
			name = Debug;
		};
		568B741722D704A5002E6F2B /* Release */ = {
			isa = XCBuildConfiguration;
			buildSettings = {
				ALWAYS_SEARCH_USER_PATHS = NO;
				CLANG_ANALYZER_NONNULL = YES;
				CLANG_ANALYZER_NUMBER_OBJECT_CONVERSION = YES_AGGRESSIVE;
				CLANG_CXX_LANGUAGE_STANDARD = "gnu++14";
				CLANG_CXX_LIBRARY = "libc++";
				CLANG_ENABLE_MODULES = YES;
				CLANG_ENABLE_OBJC_ARC = YES;
				CLANG_ENABLE_OBJC_WEAK = YES;
				CLANG_WARN_BLOCK_CAPTURE_AUTORELEASING = YES;
				CLANG_WARN_BOOL_CONVERSION = YES;
				CLANG_WARN_COMMA = YES;
				CLANG_WARN_CONSTANT_CONVERSION = YES;
				CLANG_WARN_DEPRECATED_OBJC_IMPLEMENTATIONS = YES;
				CLANG_WARN_DIRECT_OBJC_ISA_USAGE = YES_ERROR;
				CLANG_WARN_DOCUMENTATION_COMMENTS = YES;
				CLANG_WARN_EMPTY_BODY = YES;
				CLANG_WARN_ENUM_CONVERSION = YES;
				CLANG_WARN_INFINITE_RECURSION = YES;
				CLANG_WARN_INT_CONVERSION = YES;
				CLANG_WARN_NON_LITERAL_NULL_CONVERSION = YES;
				CLANG_WARN_OBJC_IMPLICIT_RETAIN_SELF = YES;
				CLANG_WARN_OBJC_LITERAL_CONVERSION = YES;
				CLANG_WARN_OBJC_ROOT_CLASS = YES_ERROR;
				CLANG_WARN_RANGE_LOOP_ANALYSIS = YES;
				CLANG_WARN_STRICT_PROTOTYPES = YES;
				CLANG_WARN_SUSPICIOUS_MOVE = YES;
				CLANG_WARN_UNGUARDED_AVAILABILITY = YES_AGGRESSIVE;
				CLANG_WARN_UNREACHABLE_CODE = YES;
				CLANG_WARN__DUPLICATE_METHOD_MATCH = YES;
				CODE_SIGN_IDENTITY = "iPhone Developer";
				COPY_PHASE_STRIP = NO;
				DEBUG_INFORMATION_FORMAT = "dwarf-with-dsym";
				ENABLE_NS_ASSERTIONS = NO;
				ENABLE_STRICT_OBJC_MSGSEND = YES;
				GCC_C_LANGUAGE_STANDARD = gnu11;
				GCC_NO_COMMON_BLOCKS = YES;
				GCC_WARN_64_TO_32_BIT_CONVERSION = YES;
				GCC_WARN_ABOUT_RETURN_TYPE = YES_ERROR;
				GCC_WARN_UNDECLARED_SELECTOR = YES;
				GCC_WARN_UNINITIALIZED_AUTOS = YES_AGGRESSIVE;
				GCC_WARN_UNUSED_FUNCTION = YES;
				GCC_WARN_UNUSED_VARIABLE = YES;
				IPHONEOS_DEPLOYMENT_TARGET = 10.0;
				MTL_ENABLE_DEBUG_INFO = NO;
				MTL_FAST_MATH = YES;
				SDKROOT = iphoneos;
				VALIDATE_PRODUCT = YES;
			};
			name = Release;
		};
		568B741922D704A5002E6F2B /* Debug */ = {
			isa = XCBuildConfiguration;
			baseConfigurationReference = 867AE4BA744187ADD7715A63 /* Pods-CommonWorkspace.debug.xcconfig */;
			buildSettings = {
				ASSETCATALOG_COMPILER_APPICON_NAME = AppIcon;
				CODE_SIGN_STYLE = Automatic;
				DEVELOPMENT_TEAM = 5CS6FX73N6;
				GCC_PREFIX_HEADER = "$(SRCROOT)/CommonWorkspace/Support/PrefixHeader.pch";
				INFOPLIST_FILE = CommonWorkspace/Info.plist;
				IPHONEOS_DEPLOYMENT_TARGET = 10.0;
				LD_RUNPATH_SEARCH_PATHS = (
					"$(inherited)",
					"@executable_path/Frameworks",
				);
				PRODUCT_BUNDLE_IDENTIFIER = "-.CommonWorkspace";
				PRODUCT_NAME = BTACOIN;
				TARGETED_DEVICE_FAMILY = 1;
				USER_HEADER_SEARCH_PATHS = "${SRCROOT}";
			};
			name = Debug;
		};
		568B741A22D704A5002E6F2B /* Release */ = {
			isa = XCBuildConfiguration;
			baseConfigurationReference = A0229FA05CD40F2447C73A5A /* Pods-CommonWorkspace.release.xcconfig */;
			buildSettings = {
				ASSETCATALOG_COMPILER_APPICON_NAME = AppIcon;
				CODE_SIGN_STYLE = Automatic;
				DEVELOPMENT_TEAM = 5CS6FX73N6;
				GCC_PREFIX_HEADER = "$(SRCROOT)/CommonWorkspace/Support/PrefixHeader.pch";
				INFOPLIST_FILE = CommonWorkspace/Info.plist;
				IPHONEOS_DEPLOYMENT_TARGET = 10.0;
				LD_RUNPATH_SEARCH_PATHS = (
					"$(inherited)",
					"@executable_path/Frameworks",
				);
				PRODUCT_BUNDLE_IDENTIFIER = "-.CommonWorkspace";
				PRODUCT_NAME = BTACOIN;
				TARGETED_DEVICE_FAMILY = 1;
				USER_HEADER_SEARCH_PATHS = "${SRCROOT}";
			};
			name = Release;
		};
		568B741C22D704A5002E6F2B /* Debug */ = {
			isa = XCBuildConfiguration;
			buildSettings = {
				BUNDLE_LOADER = "$(TEST_HOST)";
				CODE_SIGN_STYLE = Automatic;
				INFOPLIST_FILE = CommonWorkspaceTests/Info.plist;
				LD_RUNPATH_SEARCH_PATHS = (
					"$(inherited)",
					"@executable_path/Frameworks",
					"@loader_path/Frameworks",
				);
				PRODUCT_BUNDLE_IDENTIFIER = "-.CommonWorkspaceTests";
				PRODUCT_NAME = "$(TARGET_NAME)";
				TARGETED_DEVICE_FAMILY = "1,2";
				TEST_HOST = "$(BUILT_PRODUCTS_DIR)/CommonWorkspace.app/CommonWorkspace";
			};
			name = Debug;
		};
		568B741D22D704A5002E6F2B /* Release */ = {
			isa = XCBuildConfiguration;
			buildSettings = {
				BUNDLE_LOADER = "$(TEST_HOST)";
				CODE_SIGN_STYLE = Automatic;
				INFOPLIST_FILE = CommonWorkspaceTests/Info.plist;
				LD_RUNPATH_SEARCH_PATHS = (
					"$(inherited)",
					"@executable_path/Frameworks",
					"@loader_path/Frameworks",
				);
				PRODUCT_BUNDLE_IDENTIFIER = "-.CommonWorkspaceTests";
				PRODUCT_NAME = "$(TARGET_NAME)";
				TARGETED_DEVICE_FAMILY = "1,2";
				TEST_HOST = "$(BUILT_PRODUCTS_DIR)/CommonWorkspace.app/CommonWorkspace";
			};
			name = Release;
		};
		568B741F22D704A5002E6F2B /* Debug */ = {
			isa = XCBuildConfiguration;
			buildSettings = {
				CODE_SIGN_STYLE = Automatic;
				INFOPLIST_FILE = CommonWorkspaceUITests/Info.plist;
				LD_RUNPATH_SEARCH_PATHS = (
					"$(inherited)",
					"@executable_path/Frameworks",
					"@loader_path/Frameworks",
				);
				PRODUCT_BUNDLE_IDENTIFIER = "-.CommonWorkspaceUITests";
				PRODUCT_NAME = "$(TARGET_NAME)";
				TARGETED_DEVICE_FAMILY = "1,2";
				TEST_TARGET_NAME = CommonWorkspace;
			};
			name = Debug;
		};
		568B742022D704A5002E6F2B /* Release */ = {
			isa = XCBuildConfiguration;
			buildSettings = {
				CODE_SIGN_STYLE = Automatic;
				INFOPLIST_FILE = CommonWorkspaceUITests/Info.plist;
				LD_RUNPATH_SEARCH_PATHS = (
					"$(inherited)",
					"@executable_path/Frameworks",
					"@loader_path/Frameworks",
				);
				PRODUCT_BUNDLE_IDENTIFIER = "-.CommonWorkspaceUITests";
				PRODUCT_NAME = "$(TARGET_NAME)";
				TARGETED_DEVICE_FAMILY = "1,2";
				TEST_TARGET_NAME = CommonWorkspace;
			};
			name = Release;
		};
/* End XCBuildConfiguration section */

/* Begin XCConfigurationList section */
		568B73E422D704A3002E6F2B /* Build configuration list for PBXProject "CommonWorkspace" */ = {
			isa = XCConfigurationList;
			buildConfigurations = (
				568B741622D704A5002E6F2B /* Debug */,
				568B741722D704A5002E6F2B /* Release */,
			);
			defaultConfigurationIsVisible = 0;
			defaultConfigurationName = Release;
		};
		568B741822D704A5002E6F2B /* Build configuration list for PBXNativeTarget "CommonWorkspace" */ = {
			isa = XCConfigurationList;
			buildConfigurations = (
				568B741922D704A5002E6F2B /* Debug */,
				568B741A22D704A5002E6F2B /* Release */,
			);
			defaultConfigurationIsVisible = 0;
			defaultConfigurationName = Release;
		};
		568B741B22D704A5002E6F2B /* Build configuration list for PBXNativeTarget "CommonWorkspaceTests" */ = {
			isa = XCConfigurationList;
			buildConfigurations = (
				568B741C22D704A5002E6F2B /* Debug */,
				568B741D22D704A5002E6F2B /* Release */,
			);
			defaultConfigurationIsVisible = 0;
			defaultConfigurationName = Release;
		};
		568B741E22D704A5002E6F2B /* Build configuration list for PBXNativeTarget "CommonWorkspaceUITests" */ = {
			isa = XCConfigurationList;
			buildConfigurations = (
				568B741F22D704A5002E6F2B /* Debug */,
				568B742022D704A5002E6F2B /* Release */,
			);
			defaultConfigurationIsVisible = 0;
			defaultConfigurationName = Release;
		};
/* End XCConfigurationList section */
	};
	rootObject = 568B73E122D704A3002E6F2B /* Project object */;
}
